
Microsoft Visual Studio Solution File, Format Version 12.00
# Visual Studio Version 17
VisualStudioVersion = 17.8.34330.188
MinimumVisualStudioVersion = 10.0.40219.1
Project("{FAE04EC0-301F-11D3-BF4B-00C04F79EFBC}") = "BirthdayMailSender", "BirthdayMailSender\BirthdayMailSender.csproj", "{5CFFFEC8-9AF9-4D69-B268-398511E9A30F}"
EndProject
Global
	GlobalSection(SolutionConfigurationPlatforms) = preSolution
		Debug|Any CPU = Debug|Any CPU
		Release|Any CPU = Release|Any CPU
	EndGlobalSection
	GlobalSection(ProjectConfigurationPlatforms) = postSolution
		{5CFFFEC8-9AF9-4D69-B268-398511E9A30F}.Debug|Any CPU.ActiveCfg = Debug|Any CPU
		{5CFFFEC8-9AF9-4D69-B268-398511E9A30F}.Debug|Any CPU.Build.0 = Debug|Any CPU
		{5CFFFEC8-9AF9-4D69-B268-398511E9A30F}.Release|Any CPU.ActiveCfg = Release|Any CPU
		{5CFFFEC8-9AF9-4D69-B268-398511E9A30F}.Release|Any CPU.Build.0 = Release|Any CPU
	EndGlobalSection
	GlobalSection(SolutionProperties) = preSolution
		HideSolutionNode = FALSE
	EndGlobalSection
	GlobalSection(ExtensibilityGlobals) = postSolution
		SolutionGuid = {1E76F38C-9810-4378-B96C-D326B44B4D23}
	EndGlobalSection
EndGlobal
